// !$*UTF8*$!
{
	archiveVersion = 1;
	classes = {
	};
	objectVersion = 50;
	objects = {

/* Begin PBXBuildFile section */
		AC33C14F23B52C0A002ECCB4 /* CreateOrderMain.storyboard in Resources */ = {isa = PBXBuildFile; fileRef = AC33C14E23B52C0A002ECCB4 /* CreateOrderMain.storyboard */; };
		AC33C15223B52C29002ECCB4 /* CreateOrderMainVC.swift in Sources */ = {isa = PBXBuildFile; fileRef = AC33C15123B52C29002ECCB4 /* CreateOrderMainVC.swift */; };
		AC33C15723B52C92002ECCB4 /* UIColorExtensions.swift in Sources */ = {isa = PBXBuildFile; fileRef = AC33C15623B52C92002ECCB4 /* UIColorExtensions.swift */; };
		ACC50BC523A8017800A8F06A /* AppDelegate.swift in Sources */ = {isa = PBXBuildFile; fileRef = ACC50BC423A8017800A8F06A /* AppDelegate.swift */; };
		ACC50BC723A8017800A8F06A /* SceneDelegate.swift in Sources */ = {isa = PBXBuildFile; fileRef = ACC50BC623A8017800A8F06A /* SceneDelegate.swift */; };
		ACC50BCC23A8017800A8F06A /* Main.storyboard in Resources */ = {isa = PBXBuildFile; fileRef = ACC50BCA23A8017800A8F06A /* Main.storyboard */; };
		ACC50BCE23A8017900A8F06A /* Assets.xcassets in Resources */ = {isa = PBXBuildFile; fileRef = ACC50BCD23A8017900A8F06A /* Assets.xcassets */; };
		ACC50BD123A8017900A8F06A /* LaunchScreen.storyboard in Resources */ = {isa = PBXBuildFile; fileRef = ACC50BCF23A8017900A8F06A /* LaunchScreen.storyboard */; };
		ACC50BE023A803F000A8F06A /* SF-Pro-Display-Bold.otf in Resources */ = {isa = PBXBuildFile; fileRef = ACC50BDA23A803F000A8F06A /* SF-Pro-Display-Bold.otf */; };
		ACC50BE123A803F000A8F06A /* SF-Pro-Display-Light.otf in Resources */ = {isa = PBXBuildFile; fileRef = ACC50BDB23A803F000A8F06A /* SF-Pro-Display-Light.otf */; };
		ACC50BE223A803F000A8F06A /* SF-Pro-Display-Heavy.otf in Resources */ = {isa = PBXBuildFile; fileRef = ACC50BDC23A803F000A8F06A /* SF-Pro-Display-Heavy.otf */; };
		ACC50BE323A803F000A8F06A /* SF-Pro-Display-Medium.otf in Resources */ = {isa = PBXBuildFile; fileRef = ACC50BDD23A803F000A8F06A /* SF-Pro-Display-Medium.otf */; };
		ACC50BE423A803F000A8F06A /* SF-Pro-Display-Semibold.otf in Resources */ = {isa = PBXBuildFile; fileRef = ACC50BDE23A803F000A8F06A /* SF-Pro-Display-Semibold.otf */; };
		ACC50BE523A803F000A8F06A /* SF-Pro-Display-Regular.otf in Resources */ = {isa = PBXBuildFile; fileRef = ACC50BDF23A803F000A8F06A /* SF-Pro-Display-Regular.otf */; };
		ACEED2A823B145990034B6D7 /* BrightButton.swift in Sources */ = {isa = PBXBuildFile; fileRef = ACEED2A723B145990034B6D7 /* BrightButton.swift */; };
		ACFBC5BF23A807F8007A7508 /* MainVC.swift in Sources */ = {isa = PBXBuildFile; fileRef = ACFBC5BE23A807F8007A7508 /* MainVC.swift */; };
/* End PBXBuildFile section */

/* Begin PBXFileReference section */
		AC33C14E23B52C0A002ECCB4 /* CreateOrderMain.storyboard */ = {isa = PBXFileReference; lastKnownFileType = file.storyboard; path = CreateOrderMain.storyboard; sourceTree = "<group>"; };
		AC33C15123B52C29002ECCB4 /* CreateOrderMainVC.swift */ = {isa = PBXFileReference; lastKnownFileType = sourcecode.swift; path = CreateOrderMainVC.swift; sourceTree = "<group>"; };
		AC33C15623B52C92002ECCB4 /* UIColorExtensions.swift */ = {isa = PBXFileReference; lastKnownFileType = sourcecode.swift; path = UIColorExtensions.swift; sourceTree = "<group>"; };
		ACC50BC123A8017800A8F06A /* PlaySharing.app */ = {isa = PBXFileReference; explicitFileType = wrapper.application; includeInIndex = 0; path = PlaySharing.app; sourceTree = BUILT_PRODUCTS_DIR; };
		ACC50BC423A8017800A8F06A /* AppDelegate.swift */ = {isa = PBXFileReference; lastKnownFileType = sourcecode.swift; path = AppDelegate.swift; sourceTree = "<group>"; };
		ACC50BC623A8017800A8F06A /* SceneDelegate.swift */ = {isa = PBXFileReference; lastKnownFileType = sourcecode.swift; path = SceneDelegate.swift; sourceTree = "<group>"; };
		ACC50BCB23A8017800A8F06A /* Base */ = {isa = PBXFileReference; lastKnownFileType = file.storyboard; name = Base; path = Base.lproj/Main.storyboard; sourceTree = "<group>"; };
		ACC50BCD23A8017900A8F06A /* Assets.xcassets */ = {isa = PBXFileReference; lastKnownFileType = folder.assetcatalog; path = Assets.xcassets; sourceTree = "<group>"; };
		ACC50BD023A8017900A8F06A /* Base */ = {isa = PBXFileReference; lastKnownFileType = file.storyboard; name = Base; path = Base.lproj/LaunchScreen.storyboard; sourceTree = "<group>"; };
		ACC50BD223A8017900A8F06A /* Info.plist */ = {isa = PBXFileReference; lastKnownFileType = text.plist.xml; path = Info.plist; sourceTree = "<group>"; };
		ACC50BDA23A803F000A8F06A /* SF-Pro-Display-Bold.otf */ = {isa = PBXFileReference; lastKnownFileType = file; path = "SF-Pro-Display-Bold.otf"; sourceTree = "<group>"; };
		ACC50BDB23A803F000A8F06A /* SF-Pro-Display-Light.otf */ = {isa = PBXFileReference; lastKnownFileType = file; path = "SF-Pro-Display-Light.otf"; sourceTree = "<group>"; };
		ACC50BDC23A803F000A8F06A /* SF-Pro-Display-Heavy.otf */ = {isa = PBXFileReference; lastKnownFileType = file; path = "SF-Pro-Display-Heavy.otf"; sourceTree = "<group>"; };
		ACC50BDD23A803F000A8F06A /* SF-Pro-Display-Medium.otf */ = {isa = PBXFileReference; lastKnownFileType = file; path = "SF-Pro-Display-Medium.otf"; sourceTree = "<group>"; };
		ACC50BDE23A803F000A8F06A /* SF-Pro-Display-Semibold.otf */ = {isa = PBXFileReference; lastKnownFileType = file; path = "SF-Pro-Display-Semibold.otf"; sourceTree = "<group>"; };
		ACC50BDF23A803F000A8F06A /* SF-Pro-Display-Regular.otf */ = {isa = PBXFileReference; lastKnownFileType = file; path = "SF-Pro-Display-Regular.otf"; sourceTree = "<group>"; };
		ACEED2A723B145990034B6D7 /* BrightButton.swift */ = {isa = PBXFileReference; lastKnownFileType = sourcecode.swift; path = BrightButton.swift; sourceTree = "<group>"; };
		ACFBC5BE23A807F8007A7508 /* MainVC.swift */ = {isa = PBXFileReference; lastKnownFileType = sourcecode.swift; path = MainVC.swift; sourceTree = "<group>"; };
/* End PBXFileReference section */

/* Begin PBXFrameworksBuildPhase section */
		ACC50BBE23A8017800A8F06A /* Frameworks */ = {
			isa = PBXFrameworksBuildPhase;
			buildActionMask = 2147483647;
			files = (
			);
			runOnlyForDeploymentPostprocessing = 0;
		};
/* End PBXFrameworksBuildPhase section */

/* Begin PBXGroup section */
		AC33C14C23B52BD3002ECCB4 /* CreateOrder */ = {
			isa = PBXGroup;
			children = (
				AC33C15023B52C13002ECCB4 /* CreateOrderMain */,
			);
			path = CreateOrder;
			sourceTree = "<group>";
		};
		AC33C14D23B52BF7002ECCB4 /* View+Controller */ = {
			isa = PBXGroup;
			children = (
				AC33C14E23B52C0A002ECCB4 /* CreateOrderMain.storyboard */,
				AC33C15123B52C29002ECCB4 /* CreateOrderMainVC.swift */,
			);
			path = "View+Controller";
			sourceTree = "<group>";
		};
		AC33C15023B52C13002ECCB4 /* CreateOrderMain */ = {
			isa = PBXGroup;
			children = (
				AC33C14D23B52BF7002ECCB4 /* View+Controller */,
			);
			path = CreateOrderMain;
			sourceTree = "<group>";
		};
		AC33C15323B52C64002ECCB4 /* Extensions */ = {
			isa = PBXGroup;
			children = (
				AC33C15623B52C92002ECCB4 /* UIColorExtensions.swift */,
			);
			path = Extensions;
			sourceTree = "<group>";
		};
		ACC50BB823A8017800A8F06A = {
			isa = PBXGroup;
			children = (
				ACC50BC323A8017800A8F06A /* PlaySharing */,
				ACC50BC223A8017800A8F06A /* Products */,
			);
			sourceTree = "<group>";
		};
		ACC50BC223A8017800A8F06A /* Products */ = {
			isa = PBXGroup;
			children = (
				ACC50BC123A8017800A8F06A /* PlaySharing.app */,
			);
			name = Products;
			sourceTree = "<group>";
		};
		ACC50BC323A8017800A8F06A /* PlaySharing */ = {
			isa = PBXGroup;
			children = (
				AC33C15323B52C64002ECCB4 /* Extensions */,
				ACEED2A423B145200034B6D7 /* CustomUI */,
				ACFBC5BC23A807CC007A7508 /* Main */,
				AC33C14C23B52BD3002ECCB4 /* CreateOrder */,
				ACC50BD823A8039B00A8F06A /* SupportingFiles */,
				ACC50BD223A8017900A8F06A /* Info.plist */,
			);
			path = PlaySharing;
			sourceTree = "<group>";
		};
		ACC50BD823A8039B00A8F06A /* SupportingFiles */ = {
			isa = PBXGroup;
			children = (
				ACC50BC623A8017800A8F06A /* SceneDelegate.swift */,
				ACC50BC423A8017800A8F06A /* AppDelegate.swift */,
				ACC50BD923A803B700A8F06A /* Fonts */,
				ACC50BCD23A8017900A8F06A /* Assets.xcassets */,
				ACC50BCF23A8017900A8F06A /* LaunchScreen.storyboard */,
			);
			path = SupportingFiles;
			sourceTree = "<group>";
		};
		ACC50BD923A803B700A8F06A /* Fonts */ = {
			isa = PBXGroup;
			children = (
				ACC50BDA23A803F000A8F06A /* SF-Pro-Display-Bold.otf */,
				ACC50BDC23A803F000A8F06A /* SF-Pro-Display-Heavy.otf */,
				ACC50BDB23A803F000A8F06A /* SF-Pro-Display-Light.otf */,
				ACC50BDD23A803F000A8F06A /* SF-Pro-Display-Medium.otf */,
				ACC50BDF23A803F000A8F06A /* SF-Pro-Display-Regular.otf */,
				ACC50BDE23A803F000A8F06A /* SF-Pro-Display-Semibold.otf */,
			);
			path = Fonts;
			sourceTree = "<group>";
		};
		ACEED2A423B145200034B6D7 /* CustomUI */ = {
			isa = PBXGroup;
			children = (
				ACEED2A723B145990034B6D7 /* BrightButton.swift */,
			);
			path = CustomUI;
			sourceTree = "<group>";
		};
		ACFBC5BC23A807CC007A7508 /* Main */ = {
			isa = PBXGroup;
			children = (
				ACFBC5BD23A807DE007A7508 /* View+Controller */,
			);
			path = Main;
			sourceTree = "<group>";
		};
		ACFBC5BD23A807DE007A7508 /* View+Controller */ = {
			isa = PBXGroup;
			children = (
				ACC50BCA23A8017800A8F06A /* Main.storyboard */,
				ACFBC5BE23A807F8007A7508 /* MainVC.swift */,
			);
			path = "View+Controller";
			sourceTree = "<group>";
		};
/* End PBXGroup section */

/* Begin PBXNativeTarget section */
		ACC50BC023A8017800A8F06A /* PlaySharing */ = {
			isa = PBXNativeTarget;
			buildConfigurationList = ACC50BD523A8017900A8F06A /* Build configuration list for PBXNativeTarget "PlaySharing" */;
			buildPhases = (
				ACC50BBD23A8017800A8F06A /* Sources */,
				ACC50BBE23A8017800A8F06A /* Frameworks */,
				ACC50BBF23A8017800A8F06A /* Resources */,
			);
			buildRules = (
			);
			dependencies = (
			);
			name = PlaySharing;
			productName = PlaySharing;
			productReference = ACC50BC123A8017800A8F06A /* PlaySharing.app */;
			productType = "com.apple.product-type.application";
		};
/* End PBXNativeTarget section */

/* Begin PBXProject section */
		ACC50BB923A8017800A8F06A /* Project object */ = {
			isa = PBXProject;
			attributes = {
				LastSwiftUpdateCheck = 1100;
				LastUpgradeCheck = 1100;
				ORGANIZATIONNAME = "Ацамаз Бицоев";
				TargetAttributes = {
					ACC50BC023A8017800A8F06A = {
						CreatedOnToolsVersion = 11.0;
					};
				};
			};
			buildConfigurationList = ACC50BBC23A8017800A8F06A /* Build configuration list for PBXProject "PlaySharing" */;
			compatibilityVersion = "Xcode 9.3";
			developmentRegion = en;
			hasScannedForEncodings = 0;
			knownRegions = (
				en,
				Base,
			);
			mainGroup = ACC50BB823A8017800A8F06A;
			productRefGroup = ACC50BC223A8017800A8F06A /* Products */;
			projectDirPath = "";
			projectRoot = "";
			targets = (
				ACC50BC023A8017800A8F06A /* PlaySharing */,
			);
		};
/* End PBXProject section */

/* Begin PBXResourcesBuildPhase section */
		ACC50BBF23A8017800A8F06A /* Resources */ = {
			isa = PBXResourcesBuildPhase;
			buildActionMask = 2147483647;
			files = (
				ACC50BE423A803F000A8F06A /* SF-Pro-Display-Semibold.otf in Resources */,
				ACC50BD123A8017900A8F06A /* LaunchScreen.storyboard in Resources */,
				ACC50BE123A803F000A8F06A /* SF-Pro-Display-Light.otf in Resources */,
				ACC50BCE23A8017900A8F06A /* Assets.xcassets in Resources */,
				ACC50BE023A803F000A8F06A /* SF-Pro-Display-Bold.otf in Resources */,
				ACC50BCC23A8017800A8F06A /* Main.storyboard in Resources */,
				ACC50BE223A803F000A8F06A /* SF-Pro-Display-Heavy.otf in Resources */,
				ACC50BE523A803F000A8F06A /* SF-Pro-Display-Regular.otf in Resources */,
				AC33C14F23B52C0A002ECCB4 /* CreateOrderMain.storyboard in Resources */,
				ACC50BE323A803F000A8F06A /* SF-Pro-Display-Medium.otf in Resources */,
			);
			runOnlyForDeploymentPostprocessing = 0;
		};
/* End PBXResourcesBuildPhase section */

/* Begin PBXSourcesBuildPhase section */
		ACC50BBD23A8017800A8F06A /* Sources */ = {
			isa = PBXSourcesBuildPhase;
			buildActionMask = 2147483647;
			files = (
				ACC50BC523A8017800A8F06A /* AppDelegate.swift in Sources */,
				ACEED2A823B145990034B6D7 /* BrightButton.swift in Sources */,
				AC33C15223B52C29002ECCB4 /* CreateOrderMainVC.swift in Sources */,
				AC33C15723B52C92002ECCB4 /* UIColorExtensions.swift in Sources */,
				ACFBC5BF23A807F8007A7508 /* MainVC.swift in Sources */,
				ACC50BC723A8017800A8F06A /* SceneDelegate.swift in Sources */,
			);
			runOnlyForDeploymentPostprocessing = 0;
		};
/* End PBXSourcesBuildPhase section */

/* Begin PBXVariantGroup section */
		ACC50BCA23A8017800A8F06A /* Main.storyboard */ = {
			isa = PBXVariantGroup;
			children = (
				ACC50BCB23A8017800A8F06A /* Base */,
			);
			name = Main.storyboard;
			sourceTree = "<group>";
		};
		ACC50BCF23A8017900A8F06A /* LaunchScreen.storyboard */ = {
			isa = PBXVariantGroup;
			children = (
				ACC50BD023A8017900A8F06A /* Base */,
			);
			name = LaunchScreen.storyboard;
			sourceTree = "<group>";
		};
/* End PBXVariantGroup section */

/* Begin XCBuildConfiguration section */
		ACC50BD323A8017900A8F06A /* Debug */ = {
			isa = XCBuildConfiguration;
			buildSettings = {
				ALWAYS_SEARCH_USER_PATHS = NO;
				CLANG_ANALYZER_NONNULL = YES;
				CLANG_ANALYZER_NUMBER_OBJECT_CONVERSION = YES_AGGRESSIVE;
				CLANG_CXX_LANGUAGE_STANDARD = "gnu++14";
				CLANG_CXX_LIBRARY = "libc++";
				CLANG_ENABLE_MODULES = YES;
				CLANG_ENABLE_OBJC_ARC = YES;
				CLANG_ENABLE_OBJC_WEAK = YES;
				CLANG_WARN_BLOCK_CAPTURE_AUTORELEASING = YES;
				CLANG_WARN_BOOL_CONVERSION = YES;
				CLANG_WARN_COMMA = YES;
				CLANG_WARN_CONSTANT_CONVERSION = YES;
				CLANG_WARN_DEPRECATED_OBJC_IMPLEMENTATIONS = YES;
				CLANG_WARN_DIRECT_OBJC_ISA_USAGE = YES_ERROR;
				CLANG_WARN_DOCUMENTATION_COMMENTS = YES;
				CLANG_WARN_EMPTY_BODY = YES;
				CLANG_WARN_ENUM_CONVERSION = YES;
				CLANG_WARN_INFINITE_RECURSION = YES;
				CLANG_WARN_INT_CONVERSION = YES;
				CLANG_WARN_NON_LITERAL_NULL_CONVERSION = YES;
				CLANG_WARN_OBJC_IMPLICIT_RETAIN_SELF = YES;
				CLANG_WARN_OBJC_LITERAL_CONVERSION = YES;
				CLANG_WARN_OBJC_ROOT_CLASS = YES_ERROR;
				CLANG_WARN_RANGE_LOOP_ANALYSIS = YES;
				CLANG_WARN_STRICT_PROTOTYPES = YES;
				CLANG_WARN_SUSPICIOUS_MOVE = YES;
				CLANG_WARN_UNGUARDED_AVAILABILITY = YES_AGGRESSIVE;
				CLANG_WARN_UNREACHABLE_CODE = YES;
				CLANG_WARN__DUPLICATE_METHOD_MATCH = YES;
				COPY_PHASE_STRIP = NO;
				DEBUG_INFORMATION_FORMAT = dwarf;
				ENABLE_STRICT_OBJC_MSGSEND = YES;
				ENABLE_TESTABILITY = YES;
				GCC_C_LANGUAGE_STANDARD = gnu11;
				GCC_DYNAMIC_NO_PIC = NO;
				GCC_NO_COMMON_BLOCKS = YES;
				GCC_OPTIMIZATION_LEVEL = 0;
				GCC_PREPROCESSOR_DEFINITIONS = (
					"DEBUG=1",
					"$(inherited)",
				);
				GCC_WARN_64_TO_32_BIT_CONVERSION = YES;
				GCC_WARN_ABOUT_RETURN_TYPE = YES_ERROR;
				GCC_WARN_UNDECLARED_SELECTOR = YES;
				GCC_WARN_UNINITIALIZED_AUTOS = YES_AGGRESSIVE;
				GCC_WARN_UNUSED_FUNCTION = YES;
				GCC_WARN_UNUSED_VARIABLE = YES;
				IPHONEOS_DEPLOYMENT_TARGET = 13.0;
				MTL_ENABLE_DEBUG_INFO = INCLUDE_SOURCE;
				MTL_FAST_MATH = YES;
				ONLY_ACTIVE_ARCH = YES;
				SDKROOT = iphoneos;
				SWIFT_ACTIVE_COMPILATION_CONDITIONS = DEBUG;
				SWIFT_OPTIMIZATION_LEVEL = "-Onone";
			};
			name = Debug;
		};
		ACC50BD423A8017900A8F06A /* Release */ = {
			isa = XCBuildConfiguration;
			buildSettings = {
				ALWAYS_SEARCH_USER_PATHS = NO;
				CLANG_ANALYZER_NONNULL = YES;
				CLANG_ANALYZER_NUMBER_OBJECT_CONVERSION = YES_AGGRESSIVE;
				CLANG_CXX_LANGUAGE_STANDARD = "gnu++14";
				CLANG_CXX_LIBRARY = "libc++";
				CLANG_ENABLE_MODULES = YES;
				CLANG_ENABLE_OBJC_ARC = YES;
				CLANG_ENABLE_OBJC_WEAK = YES;
				CLANG_WARN_BLOCK_CAPTURE_AUTORELEASING = YES;
				CLANG_WARN_BOOL_CONVERSION = YES;
				CLANG_WARN_COMMA = YES;
				CLANG_WARN_CONSTANT_CONVERSION = YES;
				CLANG_WARN_DEPRECATED_OBJC_IMPLEMENTATIONS = YES;
				CLANG_WARN_DIRECT_OBJC_ISA_USAGE = YES_ERROR;
				CLANG_WARN_DOCUMENTATION_COMMENTS = YES;
				CLANG_WARN_EMPTY_BODY = YES;
				CLANG_WARN_ENUM_CONVERSION = YES;
				CLANG_WARN_INFINITE_RECURSION = YES;
				CLANG_WARN_INT_CONVERSION = YES;
				CLANG_WARN_NON_LITERAL_NULL_CONVERSION = YES;
				CLANG_WARN_OBJC_IMPLICIT_RETAIN_SELF = YES;
				CLANG_WARN_OBJC_LITERAL_CONVERSION = YES;
				CLANG_WARN_OBJC_ROOT_CLASS = YES_ERROR;
				CLANG_WARN_RANGE_LOOP_ANALYSIS = YES;
				CLANG_WARN_STRICT_PROTOTYPES = YES;
				CLANG_WARN_SUSPICIOUS_MOVE = YES;
				CLANG_WARN_UNGUARDED_AVAILABILITY = YES_AGGRESSIVE;
				CLANG_WARN_UNREACHABLE_CODE = YES;
				CLANG_WARN__DUPLICATE_METHOD_MATCH = YES;
				COPY_PHASE_STRIP = NO;
				DEBUG_INFORMATION_FORMAT = "dwarf-with-dsym";
				ENABLE_NS_ASSERTIONS = NO;
				ENABLE_STRICT_OBJC_MSGSEND = YES;
				GCC_C_LANGUAGE_STANDARD = gnu11;
				GCC_NO_COMMON_BLOCKS = YES;
				GCC_WARN_64_TO_32_BIT_CONVERSION = YES;
				GCC_WARN_ABOUT_RETURN_TYPE = YES_ERROR;
				GCC_WARN_UNDECLARED_SELECTOR = YES;
				GCC_WARN_UNINITIALIZED_AUTOS = YES_AGGRESSIVE;
				GCC_WARN_UNUSED_FUNCTION = YES;
				GCC_WARN_UNUSED_VARIABLE = YES;
				IPHONEOS_DEPLOYMENT_TARGET = 13.0;
				MTL_ENABLE_DEBUG_INFO = NO;
				MTL_FAST_MATH = YES;
				SDKROOT = iphoneos;
				SWIFT_COMPILATION_MODE = wholemodule;
				SWIFT_OPTIMIZATION_LEVEL = "-O";
				VALIDATE_PRODUCT = YES;
			};
			name = Release;
		};
		ACC50BD623A8017900A8F06A /* Debug */ = {
			isa = XCBuildConfiguration;
			buildSettings = {
				ASSETCATALOG_COMPILER_APPICON_NAME = AppIcon;
				CODE_SIGN_STYLE = Automatic;
				DEVELOPMENT_TEAM = 89WB9E7UEU;
				INFOPLIST_FILE = PlaySharing/Info.plist;
				LD_RUNPATH_SEARCH_PATHS = (
					"$(inherited)",
					"@executable_path/Frameworks",
				);
				PRODUCT_BUNDLE_IDENTIFIER = a.s.bitsoev.PlaySharing;
				PRODUCT_NAME = "$(TARGET_NAME)";
				SWIFT_VERSION = 5.0;
				TARGETED_DEVICE_FAMILY = "1,2";
			};
			name = Debug;
		};
		ACC50BD723A8017900A8F06A /* Release */ = {
			isa = XCBuildConfiguration;
			buildSettings = {
				ASSETCATALOG_COMPILER_APPICON_NAME = AppIcon;
				CODE_SIGN_STYLE = Automatic;
				DEVELOPMENT_TEAM = 89WB9E7UEU;
				INFOPLIST_FILE = PlaySharing/Info.plist;
				LD_RUNPATH_SEARCH_PATHS = (
					"$(inherited)",
					"@executable_path/Frameworks",
				);
				PRODUCT_BUNDLE_IDENTIFIER = a.s.bitsoev.PlaySharing;
				PRODUCT_NAME = "$(TARGET_NAME)";
				SWIFT_VERSION = 5.0;
				TARGETED_DEVICE_FAMILY = "1,2";
			};
			name = Release;
		};
/* End XCBuildConfiguration section */

/* Begin XCConfigurationList section */
		ACC50BBC23A8017800A8F06A /* Build configuration list for PBXProject "PlaySharing" */ = {
			isa = XCConfigurationList;
			buildConfigurations = (
				ACC50BD323A8017900A8F06A /* Debug */,
				ACC50BD423A8017900A8F06A /* Release */,
			);
			defaultConfigurationIsVisible = 0;
			defaultConfigurationName = Release;
		};
		ACC50BD523A8017900A8F06A /* Build configuration list for PBXNativeTarget "PlaySharing" */ = {
			isa = XCConfigurationList;
			buildConfigurations = (
				ACC50BD623A8017900A8F06A /* Debug */,
				ACC50BD723A8017900A8F06A /* Release */,
			);
			defaultConfigurationIsVisible = 0;
			defaultConfigurationName = Release;
		};
/* End XCConfigurationList section */
	};
	rootObject = ACC50BB923A8017800A8F06A /* Project object */;
}
